// !$*UTF8*$!
{
	archiveVersion = 1;
	classes = {
	};
	objectVersion = 50;
	objects = {

/* Begin PBXBuildFile section */
		E222DB7B25630BCF00EF7770 /* MessageDetailViewController.swift in Sources */ = {isa = PBXBuildFile; fileRef = E222DB7A25630BCF00EF7770 /* MessageDetailViewController.swift */; };
		E222DB7E2563170800EF7770 /* CreateMessageViewController.swift in Sources */ = {isa = PBXBuildFile; fileRef = E222DB7D2563170800EF7770 /* CreateMessageViewController.swift */; };
		E26CA0F22562FA0B007F565A /* MessageTableViewCell.swift in Sources */ = {isa = PBXBuildFile; fileRef = E26CA0F12562FA0B007F565A /* MessageTableViewCell.swift */; };
		E2B4BEF825648E9900D50453 /* MessagerTestTests.swift in Sources */ = {isa = PBXBuildFile; fileRef = E2B4BEF725648E9900D50453 /* MessagerTestTests.swift */; };
		E2B4BF032564931900D50453 /* ErrorHandler.swift in Sources */ = {isa = PBXBuildFile; fileRef = E2B4BF022564931900D50453 /* ErrorHandler.swift */; };
		E2D732AD2561F910007F8F45 /* AppDelegate.swift in Sources */ = {isa = PBXBuildFile; fileRef = E2D732AC2561F910007F8F45 /* AppDelegate.swift */; };
		E2D732AF2561F910007F8F45 /* SceneDelegate.swift in Sources */ = {isa = PBXBuildFile; fileRef = E2D732AE2561F910007F8F45 /* SceneDelegate.swift */; };
		E2D732B12561F910007F8F45 /* MessagesViewController.swift in Sources */ = {isa = PBXBuildFile; fileRef = E2D732B02561F910007F8F45 /* MessagesViewController.swift */; };
		E2D732B42561F910007F8F45 /* Main.storyboard in Resources */ = {isa = PBXBuildFile; fileRef = E2D732B22561F910007F8F45 /* Main.storyboard */; };
		E2D732B62561F911007F8F45 /* Assets.xcassets in Resources */ = {isa = PBXBuildFile; fileRef = E2D732B52561F911007F8F45 /* Assets.xcassets */; };
		E2D732B92561F911007F8F45 /* LaunchScreen.storyboard in Resources */ = {isa = PBXBuildFile; fileRef = E2D732B72561F911007F8F45 /* LaunchScreen.storyboard */; };
		E2D732C72561F989007F8F45 /* ApiService.swift in Sources */ = {isa = PBXBuildFile; fileRef = E2D732C62561F989007F8F45 /* ApiService.swift */; };
		E2D732CB2561F9CC007F8F45 /* AllMessagesChildMessage.swift in Sources */ = {isa = PBXBuildFile; fileRef = E2D732CA2561F9CC007F8F45 /* AllMessagesChildMessage.swift */; };
		E2D732CE2561FB1C007F8F45 /* AllMessagesParentBody.swift in Sources */ = {isa = PBXBuildFile; fileRef = E2D732CD2561FB1C007F8F45 /* AllMessagesParentBody.swift */; };
		E2D732D12561FB79007F8F45 /* MessageViewModel.swift in Sources */ = {isa = PBXBuildFile; fileRef = E2D732D02561FB79007F8F45 /* MessageViewModel.swift */; };
/* End PBXBuildFile section */

/* Begin PBXContainerItemProxy section */
		E2B4BEFA25648E9900D50453 /* PBXContainerItemProxy */ = {
			isa = PBXContainerItemProxy;
			containerPortal = E2D732A12561F910007F8F45 /* Project object */;
			proxyType = 1;
			remoteGlobalIDString = E2D732A82561F910007F8F45;
			remoteInfo = MessagerTest;
		};
/* End PBXContainerItemProxy section */

/* Begin PBXFileReference section */
		E222DB7A25630BCF00EF7770 /* MessageDetailViewController.swift */ = {isa = PBXFileReference; lastKnownFileType = sourcecode.swift; path = MessageDetailViewController.swift; sourceTree = "<group>"; };
		E222DB7D2563170800EF7770 /* CreateMessageViewController.swift */ = {isa = PBXFileReference; lastKnownFileType = sourcecode.swift; path = CreateMessageViewController.swift; sourceTree = "<group>"; };
		E26CA0F12562FA0B007F565A /* MessageTableViewCell.swift */ = {isa = PBXFileReference; lastKnownFileType = sourcecode.swift; path = MessageTableViewCell.swift; sourceTree = "<group>"; };
		E2B4BEF525648E9900D50453 /* MessagerTestTests.xctest */ = {isa = PBXFileReference; explicitFileType = wrapper.cfbundle; includeInIndex = 0; path = MessagerTestTests.xctest; sourceTree = BUILT_PRODUCTS_DIR; };
		E2B4BEF725648E9900D50453 /* MessagerTestTests.swift */ = {isa = PBXFileReference; lastKnownFileType = sourcecode.swift; path = MessagerTestTests.swift; sourceTree = "<group>"; };
		E2B4BEF925648E9900D50453 /* Info.plist */ = {isa = PBXFileReference; lastKnownFileType = text.plist.xml; path = Info.plist; sourceTree = "<group>"; };
		E2B4BF022564931900D50453 /* ErrorHandler.swift */ = {isa = PBXFileReference; lastKnownFileType = sourcecode.swift; path = ErrorHandler.swift; sourceTree = "<group>"; };
		E2D732A92561F910007F8F45 /* MessagerTest.app */ = {isa = PBXFileReference; explicitFileType = wrapper.application; includeInIndex = 0; path = MessagerTest.app; sourceTree = BUILT_PRODUCTS_DIR; };
		E2D732AC2561F910007F8F45 /* AppDelegate.swift */ = {isa = PBXFileReference; lastKnownFileType = sourcecode.swift; path = AppDelegate.swift; sourceTree = "<group>"; };
		E2D732AE2561F910007F8F45 /* SceneDelegate.swift */ = {isa = PBXFileReference; lastKnownFileType = sourcecode.swift; path = SceneDelegate.swift; sourceTree = "<group>"; };
		E2D732B02561F910007F8F45 /* MessagesViewController.swift */ = {isa = PBXFileReference; lastKnownFileType = sourcecode.swift; path = MessagesViewController.swift; sourceTree = "<group>"; };
		E2D732B32561F910007F8F45 /* Base */ = {isa = PBXFileReference; lastKnownFileType = file.storyboard; name = Base; path = Base.lproj/Main.storyboard; sourceTree = "<group>"; };
		E2D732B52561F911007F8F45 /* Assets.xcassets */ = {isa = PBXFileReference; lastKnownFileType = folder.assetcatalog; path = Assets.xcassets; sourceTree = "<group>"; };
		E2D732B82561F911007F8F45 /* Base */ = {isa = PBXFileReference; lastKnownFileType = file.storyboard; name = Base; path = Base.lproj/LaunchScreen.storyboard; sourceTree = "<group>"; };
		E2D732BA2561F911007F8F45 /* Info.plist */ = {isa = PBXFileReference; lastKnownFileType = text.plist.xml; path = Info.plist; sourceTree = "<group>"; };
		E2D732C62561F989007F8F45 /* ApiService.swift */ = {isa = PBXFileReference; lastKnownFileType = sourcecode.swift; path = ApiService.swift; sourceTree = "<group>"; };
		E2D732CA2561F9CC007F8F45 /* AllMessagesChildMessage.swift */ = {isa = PBXFileReference; lastKnownFileType = sourcecode.swift; path = AllMessagesChildMessage.swift; sourceTree = "<group>"; };
		E2D732CD2561FB1C007F8F45 /* AllMessagesParentBody.swift */ = {isa = PBXFileReference; lastKnownFileType = sourcecode.swift; path = AllMessagesParentBody.swift; sourceTree = "<group>"; };
		E2D732D02561FB79007F8F45 /* MessageViewModel.swift */ = {isa = PBXFileReference; lastKnownFileType = sourcecode.swift; path = MessageViewModel.swift; sourceTree = "<group>"; };
/* End PBXFileReference section */

/* Begin PBXFrameworksBuildPhase section */
		E2B4BEF225648E9900D50453 /* Frameworks */ = {
			isa = PBXFrameworksBuildPhase;
			buildActionMask = 2147483647;
			files = (
			);
			runOnlyForDeploymentPostprocessing = 0;
		};
		E2D732A62561F910007F8F45 /* Frameworks */ = {
			isa = PBXFrameworksBuildPhase;
			buildActionMask = 2147483647;
			files = (
			);
			runOnlyForDeploymentPostprocessing = 0;
		};
/* End PBXFrameworksBuildPhase section */

/* Begin PBXGroup section */
		E2B4BEF625648E9900D50453 /* MessagerTestTests */ = {
			isa = PBXGroup;
			children = (
				E2B4BEF725648E9900D50453 /* MessagerTestTests.swift */,
				E2B4BEF925648E9900D50453 /* Info.plist */,
			);
			path = MessagerTestTests;
			sourceTree = "<group>";
		};
		E2B4BF012564930700D50453 /* Utils */ = {
			isa = PBXGroup;
			children = (
				E2B4BF022564931900D50453 /* ErrorHandler.swift */,
			);
			path = Utils;
			sourceTree = "<group>";
		};
		E2D732A02561F910007F8F45 = {
			isa = PBXGroup;
			children = (
				E2D732AB2561F910007F8F45 /* MessagerTest */,
				E2B4BEF625648E9900D50453 /* MessagerTestTests */,
				E2D732AA2561F910007F8F45 /* Products */,
			);
			sourceTree = "<group>";
		};
		E2D732AA2561F910007F8F45 /* Products */ = {
			isa = PBXGroup;
			children = (
				E2D732A92561F910007F8F45 /* MessagerTest.app */,
				E2B4BEF525648E9900D50453 /* MessagerTestTests.xctest */,
			);
			name = Products;
			sourceTree = "<group>";
		};
		E2D732AB2561F910007F8F45 /* MessagerTest */ = {
			isa = PBXGroup;
			children = (
				E2D732C12561F929007F8F45 /* Model */,
				E2D732C22561F933007F8F45 /* View */,
				E2D732C32561F939007F8F45 /* ViewModel */,
				E2D732C42561F940007F8F45 /* Controller */,
				E2D732C52561F947007F8F45 /* Networking */,
				E2B4BF012564930700D50453 /* Utils */,
				E2D732AC2561F910007F8F45 /* AppDelegate.swift */,
				E2D732AE2561F910007F8F45 /* SceneDelegate.swift */,
				E2D732B52561F911007F8F45 /* Assets.xcassets */,
				E2D732BA2561F911007F8F45 /* Info.plist */,
			);
			path = MessagerTest;
			sourceTree = "<group>";
		};
		E2D732C12561F929007F8F45 /* Model */ = {
			isa = PBXGroup;
			children = (
				E2D732CA2561F9CC007F8F45 /* AllMessagesChildMessage.swift */,
				E2D732CD2561FB1C007F8F45 /* AllMessagesParentBody.swift */,
			);
			path = Model;
			sourceTree = "<group>";
		};
		E2D732C22561F933007F8F45 /* View */ = {
			isa = PBXGroup;
			children = (
				E2D732B72561F911007F8F45 /* LaunchScreen.storyboard */,
				E2D732B22561F910007F8F45 /* Main.storyboard */,
				E26CA0F12562FA0B007F565A /* MessageTableViewCell.swift */,
			);
			path = View;
			sourceTree = "<group>";
		};
		E2D732C32561F939007F8F45 /* ViewModel */ = {
			isa = PBXGroup;
			children = (
				E2D732D02561FB79007F8F45 /* MessageViewModel.swift */,
			);
			path = ViewModel;
			sourceTree = "<group>";
		};
		E2D732C42561F940007F8F45 /* Controller */ = {
			isa = PBXGroup;
			children = (
				E2D732B02561F910007F8F45 /* MessagesViewController.swift */,
				E222DB7A25630BCF00EF7770 /* MessageDetailViewController.swift */,
				E222DB7D2563170800EF7770 /* CreateMessageViewController.swift */,
			);
			path = Controller;
			sourceTree = "<group>";
		};
		E2D732C52561F947007F8F45 /* Networking */ = {
			isa = PBXGroup;
			children = (
				E2D732C62561F989007F8F45 /* ApiService.swift */,
			);
			path = Networking;
			sourceTree = "<group>";
		};
/* End PBXGroup section */

/* Begin PBXNativeTarget section */
		E2B4BEF425648E9900D50453 /* MessagerTestTests */ = {
			isa = PBXNativeTarget;
			buildConfigurationList = E2B4BEFC25648E9900D50453 /* Build configuration list for PBXNativeTarget "MessagerTestTests" */;
			buildPhases = (
				E2B4BEF125648E9900D50453 /* Sources */,
				E2B4BEF225648E9900D50453 /* Frameworks */,
				E2B4BEF325648E9900D50453 /* Resources */,
			);
			buildRules = (
			);
			dependencies = (
				E2B4BEFB25648E9900D50453 /* PBXTargetDependency */,
			);
			name = MessagerTestTests;
			productName = MessagerTestTests;
			productReference = E2B4BEF525648E9900D50453 /* MessagerTestTests.xctest */;
			productType = "com.apple.product-type.bundle.unit-test";
		};
		E2D732A82561F910007F8F45 /* MessagerTest */ = {
			isa = PBXNativeTarget;
			buildConfigurationList = E2D732BD2561F911007F8F45 /* Build configuration list for PBXNativeTarget "MessagerTest" */;
			buildPhases = (
				E2D732A52561F910007F8F45 /* Sources */,
				E2D732A62561F910007F8F45 /* Frameworks */,
				E2D732A72561F910007F8F45 /* Resources */,
			);
			buildRules = (
			);
			dependencies = (
			);
			name = MessagerTest;
			productName = MessagerTest;
			productReference = E2D732A92561F910007F8F45 /* MessagerTest.app */;
			productType = "com.apple.product-type.application";
		};
/* End PBXNativeTarget section */

/* Begin PBXProject section */
		E2D732A12561F910007F8F45 /* Project object */ = {
			isa = PBXProject;
			attributes = {
				LastSwiftUpdateCheck = 1220;
				LastUpgradeCheck = 1220;
				TargetAttributes = {
					E2B4BEF425648E9900D50453 = {
						CreatedOnToolsVersion = 12.2;
						TestTargetID = E2D732A82561F910007F8F45;
					};
					E2D732A82561F910007F8F45 = {
						CreatedOnToolsVersion = 12.2;
					};
				};
			};
			buildConfigurationList = E2D732A42561F910007F8F45 /* Build configuration list for PBXProject "MessagerTest" */;
			compatibilityVersion = "Xcode 9.3";
			developmentRegion = en;
			hasScannedForEncodings = 0;
			knownRegions = (
				en,
				Base,
			);
			mainGroup = E2D732A02561F910007F8F45;
			productRefGroup = E2D732AA2561F910007F8F45 /* Products */;
			projectDirPath = "";
			projectRoot = "";
			targets = (
				E2D732A82561F910007F8F45 /* MessagerTest */,
				E2B4BEF425648E9900D50453 /* MessagerTestTests */,
			);
		};
/* End PBXProject section */

/* Begin PBXResourcesBuildPhase section */
		E2B4BEF325648E9900D50453 /* Resources */ = {
			isa = PBXResourcesBuildPhase;
			buildActionMask = 2147483647;
			files = (
			);
			runOnlyForDeploymentPostprocessing = 0;
		};
		E2D732A72561F910007F8F45 /* Resources */ = {
			isa = PBXResourcesBuildPhase;
			buildActionMask = 2147483647;
			files = (
				E2D732B92561F911007F8F45 /* LaunchScreen.storyboard in Resources */,
				E2D732B62561F911007F8F45 /* Assets.xcassets in Resources */,
				E2D732B42561F910007F8F45 /* Main.storyboard in Resources */,
			);
			runOnlyForDeploymentPostprocessing = 0;
		};
/* End PBXResourcesBuildPhase section */

/* Begin PBXSourcesBuildPhase section */
		E2B4BEF125648E9900D50453 /* Sources */ = {
			isa = PBXSourcesBuildPhase;
			buildActionMask = 2147483647;
			files = (
				E2B4BEF825648E9900D50453 /* MessagerTestTests.swift in Sources */,
			);
			runOnlyForDeploymentPostprocessing = 0;
		};
		E2D732A52561F910007F8F45 /* Sources */ = {
			isa = PBXSourcesBuildPhase;
			buildActionMask = 2147483647;
			files = (
				E2D732B12561F910007F8F45 /* MessagesViewController.swift in Sources */,
				E2D732CE2561FB1C007F8F45 /* AllMessagesParentBody.swift in Sources */,
				E26CA0F22562FA0B007F565A /* MessageTableViewCell.swift in Sources */,
				E2D732AD2561F910007F8F45 /* AppDelegate.swift in Sources */,
				E2B4BF032564931900D50453 /* ErrorHandler.swift in Sources */,
				E2D732CB2561F9CC007F8F45 /* AllMessagesChildMessage.swift in Sources */,
				E2D732D12561FB79007F8F45 /* MessageViewModel.swift in Sources */,
				E222DB7B25630BCF00EF7770 /* MessageDetailViewController.swift in Sources */,
				E2D732C72561F989007F8F45 /* ApiService.swift in Sources */,
				E222DB7E2563170800EF7770 /* CreateMessageViewController.swift in Sources */,
				E2D732AF2561F910007F8F45 /* SceneDelegate.swift in Sources */,
			);
			runOnlyForDeploymentPostprocessing = 0;
		};
/* End PBXSourcesBuildPhase section */

/* Begin PBXTargetDependency section */
		E2B4BEFB25648E9900D50453 /* PBXTargetDependency */ = {
			isa = PBXTargetDependency;
			target = E2D732A82561F910007F8F45 /* MessagerTest */;
			targetProxy = E2B4BEFA25648E9900D50453 /* PBXContainerItemProxy */;
		};
/* End PBXTargetDependency section */

/* Begin PBXVariantGroup section */
		E2D732B22561F910007F8F45 /* Main.storyboard */ = {
			isa = PBXVariantGroup;
			children = (
				E2D732B32561F910007F8F45 /* Base */,
			);
			name = Main.storyboard;
			sourceTree = "<group>";
		};
		E2D732B72561F911007F8F45 /* LaunchScreen.storyboard */ = {
			isa = PBXVariantGroup;
			children = (
				E2D732B82561F911007F8F45 /* Base */,
			);
			name = LaunchScreen.storyboard;
			sourceTree = "<group>";
		};
/* End PBXVariantGroup section */

/* Begin XCBuildConfiguration section */
		E2B4BEFD25648E9900D50453 /* Debug */ = {
			isa = XCBuildConfiguration;
			buildSettings = {
				BUNDLE_LOADER = "$(TEST_HOST)";
				CODE_SIGN_STYLE = Automatic;
				DEVELOPMENT_TEAM = RN2EQC2QM5;
				INFOPLIST_FILE = MessagerTestTests/Info.plist;
				LD_RUNPATH_SEARCH_PATHS = (
					"$(inherited)",
					"@executable_path/Frameworks",
					"@loader_path/Frameworks",
				);
				PRODUCT_BUNDLE_IDENTIFIER = MindSlayerStudios.MessagerTestTests;
				PRODUCT_NAME = "$(TARGET_NAME)";
				SWIFT_VERSION = 5.0;
				TARGETED_DEVICE_FAMILY = "1,2";
				TEST_HOST = "$(BUILT_PRODUCTS_DIR)/MessagerTest.app/MessagerTest";
			};
			name = Debug;
		};
		E2B4BEFE25648E9900D50453 /* Release */ = {
			isa = XCBuildConfiguration;
			buildSettings = {
				BUNDLE_LOADER = "$(TEST_HOST)";
				CODE_SIGN_STYLE = Automatic;
				DEVELOPMENT_TEAM = RN2EQC2QM5;
				INFOPLIST_FILE = MessagerTestTests/Info.plist;
				LD_RUNPATH_SEARCH_PATHS = (
					"$(inherited)",
					"@executable_path/Frameworks",
					"@loader_path/Frameworks",
				);
				PRODUCT_BUNDLE_IDENTIFIER = MindSlayerStudios.MessagerTestTests;
				PRODUCT_NAME = "$(TARGET_NAME)";
				SWIFT_VERSION = 5.0;
				TARGETED_DEVICE_FAMILY = "1,2";
				TEST_HOST = "$(BUILT_PRODUCTS_DIR)/MessagerTest.app/MessagerTest";
			};
			name = Release;
		};
		E2D732BB2561F911007F8F45 /* Debug */ = {
			isa = XCBuildConfiguration;
			buildSettings = {
				ALWAYS_SEARCH_USER_PATHS = NO;
				CLANG_ANALYZER_NONNULL = YES;
				CLANG_ANALYZER_NUMBER_OBJECT_CONVERSION = YES_AGGRESSIVE;
				CLANG_CXX_LANGUAGE_STANDARD = "gnu++14";
				CLANG_CXX_LIBRARY = "libc++";
				CLANG_ENABLE_MODULES = YES;
				CLANG_ENABLE_OBJC_ARC = YES;
				CLANG_ENABLE_OBJC_WEAK = YES;
				CLANG_WARN_BLOCK_CAPTURE_AUTORELEASING = YES;
				CLANG_WARN_BOOL_CONVERSION = YES;
				CLANG_WARN_COMMA = YES;
				CLANG_WARN_CONSTANT_CONVERSION = YES;
				CLANG_WARN_DEPRECATED_OBJC_IMPLEMENTATIONS = YES;
				CLANG_WARN_DIRECT_OBJC_ISA_USAGE = YES_ERROR;
				CLANG_WARN_DOCUMENTATION_COMMENTS = YES;
				CLANG_WARN_EMPTY_BODY = YES;
				CLANG_WARN_ENUM_CONVERSION = YES;
				CLANG_WARN_INFINITE_RECURSION = YES;
				CLANG_WARN_INT_CONVERSION = YES;
				CLANG_WARN_NON_LITERAL_NULL_CONVERSION = YES;
				CLANG_WARN_OBJC_IMPLICIT_RETAIN_SELF = YES;
				CLANG_WARN_OBJC_LITERAL_CONVERSION = YES;
				CLANG_WARN_OBJC_ROOT_CLASS = YES_ERROR;
				CLANG_WARN_QUOTED_INCLUDE_IN_FRAMEWORK_HEADER = YES;
				CLANG_WARN_RANGE_LOOP_ANALYSIS = YES;
				CLANG_WARN_STRICT_PROTOTYPES = YES;
				CLANG_WARN_SUSPICIOUS_MOVE = YES;
				CLANG_WARN_UNGUARDED_AVAILABILITY = YES_AGGRESSIVE;
				CLANG_WARN_UNREACHABLE_CODE = YES;
				CLANG_WARN__DUPLICATE_METHOD_MATCH = YES;
				COPY_PHASE_STRIP = NO;
				DEBUG_INFORMATION_FORMAT = dwarf;
				ENABLE_STRICT_OBJC_MSGSEND = YES;
				ENABLE_TESTABILITY = YES;
				GCC_C_LANGUAGE_STANDARD = gnu11;
				GCC_DYNAMIC_NO_PIC = NO;
				GCC_NO_COMMON_BLOCKS = YES;
				GCC_OPTIMIZATION_LEVEL = 0;
				GCC_PREPROCESSOR_DEFINITIONS = (
					"DEBUG=1",
					"$(inherited)",
				);
				GCC_WARN_64_TO_32_BIT_CONVERSION = YES;
				GCC_WARN_ABOUT_RETURN_TYPE = YES_ERROR;
				GCC_WARN_UNDECLARED_SELECTOR = YES;
				GCC_WARN_UNINITIALIZED_AUTOS = YES_AGGRESSIVE;
				GCC_WARN_UNUSED_FUNCTION = YES;
				GCC_WARN_UNUSED_VARIABLE = YES;
				IPHONEOS_DEPLOYMENT_TARGET = 14.2;
				MTL_ENABLE_DEBUG_INFO = INCLUDE_SOURCE;
				MTL_FAST_MATH = YES;
				ONLY_ACTIVE_ARCH = YES;
				SDKROOT = iphoneos;
				SWIFT_ACTIVE_COMPILATION_CONDITIONS = DEBUG;
				SWIFT_OPTIMIZATION_LEVEL = "-Onone";
			};
			name = Debug;
		};
		E2D732BC2561F911007F8F45 /* Release */ = {
			isa = XCBuildConfiguration;
			buildSettings = {
				ALWAYS_SEARCH_USER_PATHS = NO;
				CLANG_ANALYZER_NONNULL = YES;
				CLANG_ANALYZER_NUMBER_OBJECT_CONVERSION = YES_AGGRESSIVE;
				CLANG_CXX_LANGUAGE_STANDARD = "gnu++14";
				CLANG_CXX_LIBRARY = "libc++";
				CLANG_ENABLE_MODULES = YES;
				CLANG_ENABLE_OBJC_ARC = YES;
				CLANG_ENABLE_OBJC_WEAK = YES;
				CLANG_WARN_BLOCK_CAPTURE_AUTORELEASING = YES;
				CLANG_WARN_BOOL_CONVERSION = YES;
				CLANG_WARN_COMMA = YES;
				CLANG_WARN_CONSTANT_CONVERSION = YES;
				CLANG_WARN_DEPRECATED_OBJC_IMPLEMENTATIONS = YES;
				CLANG_WARN_DIRECT_OBJC_ISA_USAGE = YES_ERROR;
				CLANG_WARN_DOCUMENTATION_COMMENTS = YES;
				CLANG_WARN_EMPTY_BODY = YES;
				CLANG_WARN_ENUM_CONVERSION = YES;
				CLANG_WARN_INFINITE_RECURSION = YES;
				CLANG_WARN_INT_CONVERSION = YES;
				CLANG_WARN_NON_LITERAL_NULL_CONVERSION = YES;
				CLANG_WARN_OBJC_IMPLICIT_RETAIN_SELF = YES;
				CLANG_WARN_OBJC_LITERAL_CONVERSION = YES;
				CLANG_WARN_OBJC_ROOT_CLASS = YES_ERROR;
				CLANG_WARN_QUOTED_INCLUDE_IN_FRAMEWORK_HEADER = YES;
				CLANG_WARN_RANGE_LOOP_ANALYSIS = YES;
				CLANG_WARN_STRICT_PROTOTYPES = YES;
				CLANG_WARN_SUSPICIOUS_MOVE = YES;
				CLANG_WARN_UNGUARDED_AVAILABILITY = YES_AGGRESSIVE;
				CLANG_WARN_UNREACHABLE_CODE = YES;
				CLANG_WARN__DUPLICATE_METHOD_MATCH = YES;
				COPY_PHASE_STRIP = NO;
				DEBUG_INFORMATION_FORMAT = "dwarf-with-dsym";
				ENABLE_NS_ASSERTIONS = NO;
				ENABLE_STRICT_OBJC_MSGSEND = YES;
				GCC_C_LANGUAGE_STANDARD = gnu11;
				GCC_NO_COMMON_BLOCKS = YES;
				GCC_WARN_64_TO_32_BIT_CONVERSION = YES;
				GCC_WARN_ABOUT_RETURN_TYPE = YES_ERROR;
				GCC_WARN_UNDECLARED_SELECTOR = YES;
				GCC_WARN_UNINITIALIZED_AUTOS = YES_AGGRESSIVE;
				GCC_WARN_UNUSED_FUNCTION = YES;
				GCC_WARN_UNUSED_VARIABLE = YES;
				IPHONEOS_DEPLOYMENT_TARGET = 14.2;
				MTL_ENABLE_DEBUG_INFO = NO;
				MTL_FAST_MATH = YES;
				SDKROOT = iphoneos;
				SWIFT_COMPILATION_MODE = wholemodule;
				SWIFT_OPTIMIZATION_LEVEL = "-O";
				VALIDATE_PRODUCT = YES;
			};
			name = Release;
		};
		E2D732BE2561F911007F8F45 /* Debug */ = {
			isa = XCBuildConfiguration;
			buildSettings = {
				ASSETCATALOG_COMPILER_APPICON_NAME = AppIcon;
				ASSETCATALOG_COMPILER_GLOBAL_ACCENT_COLOR_NAME = AccentColor;
				CODE_SIGN_STYLE = Automatic;
				DEVELOPMENT_TEAM = RN2EQC2QM5;
				INFOPLIST_FILE = MessagerTest/Info.plist;
				LD_RUNPATH_SEARCH_PATHS = (
					"$(inherited)",
					"@executable_path/Frameworks",
				);
				PRODUCT_BUNDLE_IDENTIFIER = MindSlayerStudios.MessagerTest;
				PRODUCT_NAME = "$(TARGET_NAME)";
				SWIFT_VERSION = 5.0;
				TARGETED_DEVICE_FAMILY = "1,2";
			};
			name = Debug;
		};
		E2D732BF2561F911007F8F45 /* Release */ = {
			isa = XCBuildConfiguration;
			buildSettings = {
				ASSETCATALOG_COMPILER_APPICON_NAME = AppIcon;
				ASSETCATALOG_COMPILER_GLOBAL_ACCENT_COLOR_NAME = AccentColor;
				CODE_SIGN_STYLE = Automatic;
				DEVELOPMENT_TEAM = RN2EQC2QM5;
				INFOPLIST_FILE = MessagerTest/Info.plist;
				LD_RUNPATH_SEARCH_PATHS = (
					"$(inherited)",
					"@executable_path/Frameworks",
				);
				PRODUCT_BUNDLE_IDENTIFIER = MindSlayerStudios.MessagerTest;
				PRODUCT_NAME = "$(TARGET_NAME)";
				SWIFT_VERSION = 5.0;
				TARGETED_DEVICE_FAMILY = "1,2";
			};
			name = Release;
		};
/* End XCBuildConfiguration section */

/* Begin XCConfigurationList section */
		E2B4BEFC25648E9900D50453 /* Build configuration list for PBXNativeTarget "MessagerTestTests" */ = {
			isa = XCConfigurationList;
			buildConfigurations = (
				E2B4BEFD25648E9900D50453 /* Debug */,
				E2B4BEFE25648E9900D50453 /* Release */,
			);
			defaultConfigurationIsVisible = 0;
			defaultConfigurationName = Release;
		};
		E2D732A42561F910007F8F45 /* Build configuration list for PBXProject "MessagerTest" */ = {
			isa = XCConfigurationList;
			buildConfigurations = (
				E2D732BB2561F911007F8F45 /* Debug */,
				E2D732BC2561F911007F8F45 /* Release */,
			);
			defaultConfigurationIsVisible = 0;
			defaultConfigurationName = Release;
		};
		E2D732BD2561F911007F8F45 /* Build configuration list for PBXNativeTarget "MessagerTest" */ = {
			isa = XCConfigurationList;
			buildConfigurations = (
				E2D732BE2561F911007F8F45 /* Debug */,
				E2D732BF2561F911007F8F45 /* Release */,
			);
			defaultConfigurationIsVisible = 0;
			defaultConfigurationName = Release;
		};
/* End XCConfigurationList section */
	};
	rootObject = E2D732A12561F910007F8F45 /* Project object */;
}
